version: 7
platforms:
- name: linux-64
- name: osx-64
- name: osx-arm64
- name: win-64
environments:
  default:
    channels:
    - url: https://conda.anaconda.org/conda-forge/
    packages:
      linux-64:
      - conda: https://conda.anaconda.org/conda-forge/linux-64/_openmp_mutex-4.5-20_gnu.conda
      - conda: https://conda.anaconda.org/conda-forge/linux-64/icu-78.3-h33c6efd_0.conda
      - conda: https://conda.anaconda.org/conda-forge/linux-64/libgcc-15.2.0-he0feb66_19.conda
      - conda: https://conda.anaconda.org/conda-forge/linux-64/libgomp-15.2.0-he0feb66_19.conda
      - conda: https://conda.anaconda.org/conda-forge/linux-64/libstdcxx-15.2.0-h934c35e_19.conda
      - conda: https://conda.anaconda.org/conda-forge/linux-64/libuv-1.52.1-h280c20c_0.conda
      - conda: https://conda.anaconda.org/conda-forge/linux-64/libzlib-1.3.2-h25fd6f3_2.conda
      - conda: https://conda.anaconda.org/conda-forge/linux-64/nodejs-20.20.2-h44b80ee_0.conda
      - conda: https://conda.anaconda.org/conda-forge/linux-64/openssl-3.6.2-h35e630c_0.conda
      - conda: https://conda.anaconda.org/conda-forge/linux-64/pandoc-3.9.0.2-ha770c72_0.conda
      - conda: https://conda.anaconda.org/conda-forge/linux-64/typst-0.14.2-h4c46f8d_0.conda
      - conda: https://conda.anaconda.org/conda-forge/linux-64/zlib-1.3.2-h25fd6f3_2.conda
      - conda: https://conda.anaconda.org/conda-forge/noarch/ca-certificates-2026.4.22-hbd8a1cb_0.conda
      osx-64:
      - conda: https://conda.anaconda.org/conda-forge/noarch/ca-certificates-2026.5.20-hbd8a1cb_0.conda
      - conda: https://conda.anaconda.org/conda-forge/osx-64/icu-78.3-h25d91c4_0.conda
      - conda: https://conda.anaconda.org/conda-forge/osx-64/libcxx-22.1.6-h19cb2f5_0.conda
      - conda: https://conda.anaconda.org/conda-forge/osx-64/libuv-1.52.1-ha3d0635_0.conda
      - conda: https://conda.anaconda.org/conda-forge/osx-64/libzlib-1.3.2-hbb4bfdb_2.conda
      - conda: https://conda.anaconda.org/conda-forge/osx-64/nodejs-20.20.2-hf63971a_0.conda
      - conda: https://conda.anaconda.org/conda-forge/osx-64/openssl-3.6.2-hc881268_0.conda
      - conda: https://conda.anaconda.org/conda-forge/osx-64/pandoc-3.9.0.2-h694c41f_0.conda
      - conda: https://conda.anaconda.org/conda-forge/osx-64/typst-0.14.2-h121f529_0.conda
      - conda: https://conda.anaconda.org/conda-forge/osx-64/zlib-1.3.2-hbb4bfdb_2.conda
      osx-arm64:
      - conda: https://conda.anaconda.org/conda-forge/noarch/ca-certificates-2026.5.20-hbd8a1cb_0.conda
      - conda: https://conda.anaconda.org/conda-forge/osx-arm64/icu-78.3-hef89b57_0.conda
      - conda: https://conda.anaconda.org/conda-forge/osx-arm64/libcxx-22.1.6-h55c6f16_0.conda
      - conda: https://conda.anaconda.org/conda-forge/osx-arm64/libuv-1.52.1-h1a92334_0.conda
      - conda: https://conda.anaconda.org/conda-forge/osx-arm64/libzlib-1.3.2-h8088a28_2.conda
      - conda: https://conda.anaconda.org/conda-forge/osx-arm64/nodejs-20.20.2-hf0fe506_0.conda
      - conda: https://conda.anaconda.org/conda-forge/osx-arm64/openssl-3.6.2-hd24854e_0.conda
      - conda: https://conda.anaconda.org/conda-forge/osx-arm64/pandoc-3.9.0.2-hce30654_0.conda
      - conda: https://conda.anaconda.org/conda-forge/osx-arm64/typst-0.14.2-hd1458d2_0.conda
      - conda: https://conda.anaconda.org/conda-forge/osx-arm64/zlib-1.3.2-h8088a28_2.conda
      win-64:
      - conda: https://conda.anaconda.org/conda-forge/win-64/nodejs-20.20.2-h80290e7_0.conda
      - conda: https://conda.anaconda.org/conda-forge/win-64/pandoc-3.9.0.2-h57928b3_0.conda
      - conda: https://conda.anaconda.org/conda-forge/win-64/typst-0.14.2-h77a83cd_0.conda
      - conda: https://conda.anaconda.org/conda-forge/win-64/ucrt-10.0.26100.0-h57928b3_0.conda
      - conda: https://conda.anaconda.org/conda-forge/win-64/vc-14.3-h41ae7f8_36.conda
      - conda: https://conda.anaconda.org/conda-forge/win-64/vc14_runtime-14.44.35208-h818238b_36.conda
      - conda: https://conda.anaconda.org/conda-forge/win-64/vcomp14-14.44.35208-h818238b_36.conda
packages:
- conda: https://conda.anaconda.org/conda-forge/linux-64/_openmp_mutex-4.5-20_gnu.conda
  build_number: 20
  sha256: 1dd3fffd892081df9726d7eb7e0dea6198962ba775bd88842135a4ddb4deb3c9
  md5: a9f577daf3de00bca7c3c76c0ecbd1de
  depends:
  - __glibc >=2.17,<3.0.a0
  - libgomp >=7.5.0
  constrains:
  - openmp_impl <0.0a0
  license: BSD-3-Clause
  license_family: BSD
  size: 28948
  timestamp: 1770939786096
- conda: https://conda.anaconda.org/conda-forge/linux-64/icu-78.3-h33c6efd_0.conda
  sha256: fbf86c4a59c2ed05bbffb2ba25c7ed94f6185ec30ecb691615d42342baa1a16a
  md5: c80d8a3b84358cb967fa81e7075fbc8a
  depends:
  - __glibc >=2.17,<3.0.a0
  - libgcc >=14
  - libstdcxx >=14
  license: MIT
  license_family: MIT
  size: 12723451
  timestamp: 1773822285671
- conda: https://conda.anaconda.org/conda-forge/linux-64/libgcc-15.2.0-he0feb66_19.conda
  sha256: 8e0a3b5e41272e5678499b5dfc4cddb673f9e935de01eb0767ce857001229f46
  md5: 57736f29cc2b0ec0b6c2952d3f101b6a
  depends:
  - __glibc >=2.17,<3.0.a0
  - _openmp_mutex >=4.5
  constrains:
  - libgcc-ng ==15.2.0=*_19
  - libgomp 15.2.0 he0feb66_19
  license: GPL-3.0-only WITH GCC-exception-3.1
  license_family: GPL
  size: 1041084
  timestamp: 1778269013026
- conda: https://conda.anaconda.org/conda-forge/linux-64/libgomp-15.2.0-he0feb66_19.conda
  sha256: 5abe4ab9d93f6c9757d654f1969ae2267d4505315c1f2f8fe705fd60af084f1b
  md5: faac990cb7aedc7f3a2224f2c9b0c26c
  depends:
  - __glibc >=2.17,<3.0.a0
  license: GPL-3.0-only WITH GCC-exception-3.1
  license_family: GPL
  size: 603817
  timestamp: 1778268942614
- conda: https://conda.anaconda.org/conda-forge/linux-64/libstdcxx-15.2.0-h934c35e_19.conda
  sha256: dff1058c76ec6b8759e41cefa2508162d00e4a5e6721aa68ec3fd10094e702dc
  md5: 5794b3bdc38177caf969dabd3af08549
  depends:
  - __glibc >=2.17,<3.0.a0
  - libgcc 15.2.0 he0feb66_19
  constrains:
  - libstdcxx-ng ==15.2.0=*_19
  license: GPL-3.0-only WITH GCC-exception-3.1
  license_family: GPL
  size: 5852044
  timestamp: 1778269036376
- conda: https://conda.anaconda.org/conda-forge/linux-64/libuv-1.52.1-h280c20c_0.conda
  sha256: e28e4519223f78b3163599ca89c3f2d80bfb53e907e7fc74e806e60d1efa578b
  md5: 4e33d49bf4fc853855a3b00643aa5484
  depends:
  - libgcc >=14
  - __glibc >=2.17,<3.0.a0
  license: MIT
  license_family: MIT
  size: 419935
  timestamp: 1779396012261
- conda: https://conda.anaconda.org/conda-forge/linux-64/libzlib-1.3.2-h25fd6f3_2.conda
  sha256: 55044c403570f0dc26e6364de4dc5368e5f3fc7ff103e867c487e2b5ab2bcda9
  md5: d87ff7921124eccd67248aa483c23fec
  depends:
  - __glibc >=2.17,<3.0.a0
  constrains:
  - zlib 1.3.2 *_2
  license: Zlib
  license_family: Other
  size: 63629
  timestamp: 1774072609062
- conda: https://conda.anaconda.org/conda-forge/linux-64/nodejs-20.20.2-h44b80ee_0.conda
  sha256: 9a4af21d212e0b4aa8ed2b8c14786560a2923554d7ae1a8cd77ba9952e81b3af
  md5: 113e0116af867d4d96325b5b93d984c5
  depends:
  - __glibc >=2.17,<3.0.a0
  - icu >=78.3,<79.0a0
  - libgcc >=14
  - libstdcxx >=14
  - libuv >=1.51.0,<2.0a0
  - libzlib >=1.3.2,<2.0a0
  - openssl >=3.5.5,<4.0a0
  - zlib
  license: MIT
  license_family: MIT
  size: 17422799
  timestamp: 1774517512361
- conda: https://conda.anaconda.org/conda-forge/linux-64/openssl-3.6.2-h35e630c_0.conda
  sha256: c0ef482280e38c71a08ad6d71448194b719630345b0c9c60744a2010e8a8e0cb
  md5: da1b85b6a87e141f5140bb9924cecab0
  depends:
  - __glibc >=2.17,<3.0.a0
  - ca-certificates
  - libgcc >=14
  license: Apache-2.0
  license_family: Apache
  size: 3167099
  timestamp: 1775587756857
- conda: https://conda.anaconda.org/conda-forge/linux-64/pandoc-3.9.0.2-ha770c72_0.conda
  sha256: d46f76ed09396e3bd1dc11030b3d0d222c25ba8d92f3cde08bc6fbd1eec4f9e0
  md5: de8ccf9ffba55bd20ee56301cfc7e6db
  license: GPL-2.0-or-later
  license_family: GPL
  size: 22364689
  timestamp: 1773933354952
- conda: https://conda.anaconda.org/conda-forge/linux-64/typst-0.14.2-h4c46f8d_0.conda
  sha256: 2051dee6a67d43a0ff0fd2ff9dacd8ef533e89d0b30feedf87613fc84b00c247
  md5: 6733bfb9b4338039e182ca3a41253ab5
  depends:
  - __glibc >=2.17,<3.0.a0
  - libgcc >=14
  - openssl >=3.5.4,<4.0a0
  constrains:
  - __glibc >=2.17
  license: Apache-2.0
  license_family: Apache
  size: 15445965
  timestamp: 1765697444419
- conda: https://conda.anaconda.org/conda-forge/linux-64/zlib-1.3.2-h25fd6f3_2.conda
  sha256: 245c9ee8d688e23661b95e3c6dd7272ca936fabc03d423cdb3cdee1bbcf9f2f2
  md5: c2a01a08fc991620a74b32420e97868a
  depends:
  - __glibc >=2.17,<3.0.a0
  - libzlib 1.3.2 h25fd6f3_2
  license: Zlib
  license_family: Other
  size: 95931
  timestamp: 1774072620848
- conda: https://conda.anaconda.org/conda-forge/noarch/ca-certificates-2026.4.22-hbd8a1cb_0.conda
  sha256: c9dbcc8039a52023660d6d1bbf87594a93dd69c6ac5a2a44323af2c92976728d
  md5: e18ad67cf881dcadee8b8d9e2f8e5f73
  depends:
  - __unix
  license: ISC
  size: 131039
  timestamp: 1776865545798
- conda: https://conda.anaconda.org/conda-forge/noarch/ca-certificates-2026.5.20-hbd8a1cb_0.conda
  sha256: 9812a303a1395e1dafbd92e5bc8a1ff6013bcbba0a09c7f03a8d23e43560aa9b
  md5: 489b8e97e666c93f68fdb35c3c9b957f
  depends:
  - __unix
  license: ISC
  size: 129868
  timestamp: 1779289852439
- conda: https://conda.anaconda.org/conda-forge/osx-64/icu-78.3-h25d91c4_0.conda
  sha256: 1294117122d55246bb83ad5b589e2a031aacdf2d0b1f99fd338aa4394f881735
  md5: 627eca44e62e2b665eeec57a984a7f00
  depends:
  - __osx >=11.0
  license: MIT
  license_family: MIT
  size: 12273764
  timestamp: 1773822733780
- conda: https://conda.anaconda.org/conda-forge/osx-64/libcxx-22.1.6-h19cb2f5_0.conda
  sha256: 6d60efb63fe4d0299526fcb26e06de1933de55c36fc2ae5a1478f1aa734604bb
  md5: fa1bbb55bfda7a8a022d508fb03f1625
  depends:
  - __osx >=11.0
  license: Apache-2.0 WITH LLVM-exception
  license_family: Apache
  size: 565211
  timestamp: 1779253305906
- conda: https://conda.anaconda.org/conda-forge/osx-64/libuv-1.52.1-ha3d0635_0.conda
  sha256: a77c3832a82b26afe8da3f4bbacca58a943cc62f2a5680547913650527a51299
  md5: 703303067839cd1da659528a84b3c0cc
  depends:
  - __osx >=11.0
  license: MIT
  license_family: MIT
  size: 128150
  timestamp: 1779396112490
- conda: https://conda.anaconda.org/conda-forge/osx-64/libzlib-1.3.2-hbb4bfdb_2.conda
  sha256: 4c6da089952b2d70150c74234679d6f7ac04f4a98f9432dec724968f912691e7
  md5: 30439ff30578e504ee5e0b390afc8c65
  depends:
  - __osx >=11.0
  constrains:
  - zlib 1.3.2 *_2
  license: Zlib
  license_family: Other
  size: 59000
  timestamp: 1774073052242
- conda: https://conda.anaconda.org/conda-forge/osx-64/nodejs-20.20.2-hf63971a_0.conda
  sha256: 031ee5f3593dd54213c32898cd414b818464a3c619a7860358bf8178a35cd1cc
  md5: bebd542b212fa3f429af2dc2c4f9fa56
  depends:
  - __osx >=11.0
  - icu >=78.3,<79.0a0
  - libcxx >=19
  - libuv >=1.51.0,<2.0a0
  - libzlib >=1.3.2,<2.0a0
  - openssl >=3.5.5,<4.0a0
  - zlib
  license: MIT
  license_family: MIT
  size: 11828062
  timestamp: 1774520510117
- conda: https://conda.anaconda.org/conda-forge/osx-64/openssl-3.6.2-hc881268_0.conda
  sha256: 334fd49ea31b99114f5afb1ec44555dc8c90640648302a4f8f838ee345d1ec50
  md5: 5cf0ece4375c73d7a5765e83565a69c7
  depends:
  - __osx >=11.0
  - ca-certificates
  license: Apache-2.0
  license_family: Apache
  size: 2776564
  timestamp: 1775589970694
- conda: https://conda.anaconda.org/conda-forge/osx-64/pandoc-3.9.0.2-h694c41f_0.conda
  sha256: b60882fbaee1a7dd4458253d9c335f9dc285bc4c672c9da28b80636736eda891
  md5: 4be84ca4d00187c49a3010ca30a34847
  license: GPL-2.0-or-later
  license_family: GPL
  size: 16855452
  timestamp: 1773933667892
- conda: https://conda.anaconda.org/conda-forge/osx-64/typst-0.14.2-h121f529_0.conda
  sha256: 503f26d9ff68ac0e3fd66b5a77263115ece63044dd6c15562b9a5531da4c0a2a
  md5: db9932a780a3cf948c67b4842ecb5a06
  depends:
  - __osx >=10.13
  constrains:
  - __osx >=10.13
  license: Apache-2.0
  license_family: Apache
  size: 15180322
  timestamp: 1765697711050
- conda: https://conda.anaconda.org/conda-forge/osx-64/zlib-1.3.2-hbb4bfdb_2.conda
  sha256: 5dd728cebca2e96fa48d41661f1a35ed0ee3cb722669eee4e2d854c6745655eb
  md5: 6276aa61ffc361cbf130d78cfb88a237
  depends:
  - __osx >=11.0
  - libzlib 1.3.2 hbb4bfdb_2
  license: Zlib
  license_family: Other
  size: 92411
  timestamp: 1774073075482
- conda: https://conda.anaconda.org/conda-forge/osx-arm64/icu-78.3-hef89b57_0.conda
  sha256: 3a7907a17e9937d3a46dfd41cffaf815abad59a569440d1e25177c15fd0684e5
  md5: f1182c91c0de31a7abd40cedf6a5ebef
  depends:
  - __osx >=11.0
  license: MIT
  license_family: MIT
  size: 12361647
  timestamp: 1773822915649
- conda: https://conda.anaconda.org/conda-forge/osx-arm64/libcxx-22.1.6-h55c6f16_0.conda
  sha256: 3e2f8ad32ddab88c5114b9aa2160f8c129f515df0e551d0d86ef5744446afdbd
  md5: 589cc6f6222fdc0eaf8e90bc38fcce7b
  depends:
  - __osx >=11.0
  license: Apache-2.0 WITH LLVM-exception
  license_family: Apache
  size: 570038
  timestamp: 1779253025527
- conda: https://conda.anaconda.org/conda-forge/osx-arm64/libuv-1.52.1-h1a92334_0.conda
  sha256: e23176af832f637693ebbb9bbe7d29c0f4cba662dabd001081d2aa6fc9f7f661
  md5: fa9fef7d9f33724b7c3899c883c25a3e
  depends:
  - __osx >=11.0
  license: MIT
  license_family: MIT
  size: 122732
  timestamp: 1779396113397
- conda: https://conda.anaconda.org/conda-forge/osx-arm64/libzlib-1.3.2-h8088a28_2.conda
  sha256: 361415a698514b19a852f5d1123c5da746d4642139904156ddfca7c922d23a05
  md5: bc5a5721b6439f2f62a84f2548136082
  depends:
  - __osx >=11.0
  constrains:
  - zlib 1.3.2 *_2
  license: Zlib
  license_family: Other
  size: 47759
  timestamp: 1774072956767
- conda: https://conda.anaconda.org/conda-forge/osx-arm64/nodejs-20.20.2-hf0fe506_0.conda
  sha256: 7372b50fe7fb3fc39ebfbe5007a66967c13d224e34994163b3797040902ce555
  md5: ea243ad08bdc5ef049de92a044d69e40
  depends:
  - __osx >=11.0
  - icu >=78.3,<79.0a0
  - libcxx >=19
  - libuv >=1.51.0,<2.0a0
  - libzlib >=1.3.2,<2.0a0
  - openssl >=3.5.5,<4.0a0
  - zlib
  license: MIT
  license_family: MIT
  size: 11286021
  timestamp: 1774522928291
- conda: https://conda.anaconda.org/conda-forge/osx-arm64/openssl-3.6.2-hd24854e_0.conda
  sha256: c91bf510c130a1ea1b6ff023e28bac0ccaef869446acd805e2016f69ebdc49ea
  md5: 25dcccd4f80f1638428613e0d7c9b4e1
  depends:
  - __osx >=11.0
  - ca-certificates
  license: Apache-2.0
  license_family: Apache
  size: 3106008
  timestamp: 1775587972483
- conda: https://conda.anaconda.org/conda-forge/osx-arm64/pandoc-3.9.0.2-hce30654_0.conda
  sha256: 2074598145bf286490d232c6f0a3d301403305d56f5c45a0170f44bc00fde8e5
  md5: 81203e2c973f049afba930cf6f79c695
  license: GPL-2.0-or-later
  license_family: GPL
  size: 23192144
  timestamp: 1773933643305
- conda: https://conda.anaconda.org/conda-forge/osx-arm64/typst-0.14.2-hd1458d2_0.conda
  sha256: 201e08fc74e3dc8161d583bb50d23ae07b4537c5efa41c8a7e1ba46a30261ea6
  md5: 750223ac708cb65d0d32fa61d84e35e4
  depends:
  - __osx >=11.0
  constrains:
  - __osx >=11.0
  license: Apache-2.0
  license_family: Apache
  size: 14708782
  timestamp: 1765697750603
- conda: https://conda.anaconda.org/conda-forge/osx-arm64/zlib-1.3.2-h8088a28_2.conda
  sha256: 8dd2ac25f0ba714263aac5832d46985648f4bfb9b305b5021d702079badc08d2
  md5: f1c0bce276210bed45a04949cfe8dc20
  depends:
  - __osx >=11.0
  - libzlib 1.3.2 h8088a28_2
  license: Zlib
  license_family: Other
  size: 81123
  timestamp: 1774072974535
- conda: https://conda.anaconda.org/conda-forge/win-64/nodejs-20.20.2-h80290e7_0.conda
  sha256: ec577efa787f8dcc72d8e2c66015520da42a15b9fe6a77929012f9ecf23f4de5
  md5: 46b3e1dcfb686fa2912efd4e714a56ba
  license: MIT
  license_family: MIT
  size: 23161540
  timestamp: 1774514441113
- conda: https://conda.anaconda.org/conda-forge/win-64/pandoc-3.9.0.2-h57928b3_0.conda
  sha256: e7e19b88040df48b172eef8270e6ca55d93243635fb447527831974a0714b761
  md5: 1844e86a2fffbd77a99d03af217d9dfa
  license: GPL-2.0-or-later
  license_family: GPL
  size: 26667130
  timestamp: 1773933498636
- conda: https://conda.anaconda.org/conda-forge/win-64/typst-0.14.2-h77a83cd_0.conda
  sha256: 6e6f4dfb5d3e43d627e248723ccc963c7889fc59e7039c67b4d6ca2aea20ea99
  md5: c7d150437cdf4a2facdb156fe1dbe9b7
  depends:
  - ucrt >=10.0.20348.0
  - vc >=14.3,<15
  - vc14_runtime >=14.44.35208
  license: Apache-2.0
  license_family: Apache
  size: 15463461
  timestamp: 1765698111186
- conda: https://conda.anaconda.org/conda-forge/win-64/ucrt-10.0.26100.0-h57928b3_0.conda
  sha256: 3005729dce6f3d3f5ec91dfc49fc75a0095f9cd23bab49efb899657297ac91a5
  md5: 71b24316859acd00bdb8b38f5e2ce328
  constrains:
  - vc14_runtime >=14.29.30037
  - vs2015_runtime >=14.29.30037
  license: LicenseRef-MicrosoftWindowsSDK10
  size: 694692
  timestamp: 1756385147981
- conda: https://conda.anaconda.org/conda-forge/win-64/vc-14.3-h41ae7f8_36.conda
  sha256: 7c86d8ed3ac473c3e4dde0dd05aeb1f3189a26ad66c0e250f6cf4018e73358f2
  md5: 3466ff4a8753003eeb173f508d3d5a49
  depends:
  - vc14_runtime >=14.44.35208
  track_features:
  - vc14
  license: BSD-3-Clause
  license_family: BSD
  size: 19989
  timestamp: 1778688080106
- conda: https://conda.anaconda.org/conda-forge/win-64/vc14_runtime-14.44.35208-h818238b_36.conda
  sha256: 902984f2282859a76d764d80d74f873df7c7749117cfac15c5106e086fb2b772
  md5: 65f5c81f2796961fcfd808eee8e73596
  depends:
  - ucrt >=10.0.20348.0
  - vcomp14 14.44.35208 h818238b_36
  constrains:
  - vs2015_runtime 14.44.35208.* *_36
  license: LicenseRef-MicrosoftVisualCpp2015-2022Runtime
  license_family: Proprietary
  size: 683790
  timestamp: 1778688078434
- conda: https://conda.anaconda.org/conda-forge/win-64/vcomp14-14.44.35208-h818238b_36.conda
  sha256: 0cd5b905ab2b5e9fcb170fe8801b64917effef8e3a73ffd9b2cc4c3ee387f09c
  md5: 4aa1884260877bd57d16070d20271e2d
  depends:
  - ucrt >=10.0.20348.0
  constrains:
  - vs2015_runtime 14.44.35208.* *_36
  license: LicenseRef-MicrosoftVisualCpp2015-2022Runtime
  license_family: Proprietary
  size: 115995
  timestamp: 1778688058077
